
Microsoft Visual Studio Solution File, Format Version 12.00
# Visual Studio Version 17
VisualStudioVersion = 17.9.34622.214
MinimumVisualStudioVersion = 10.0.40219.1
Project("{9A19103F-16F7-4668-BE54-9A1E7A4F7556}") = "RestaurantAPI.Controller", "src\Controller\RestaurantAPI.Controller.csproj", "{574A9C75-CE0B-4D11-894C-F84AC32F43E2}"
EndProject
Project("{FAE04EC0-301F-11D3-BF4B-00C04F79EFBC}") = "RestaurantAPI.Core", "src\Core\RestaurantAPI.Core.csproj", "{064EE027-1375-4F22-BA98-6754DF0CF662}"
EndProject
Project("{FAE04EC0-301F-11D3-BF4B-00C04F79EFBC}") = "RestaurantAPI.Infrastructure", "src\Infrastructure\RestaurantAPI.Infrastructure.csproj", "{D96F0B90-E8B0-49C9-8C00-350146BB32EF}"
EndProject
Global
	GlobalSection(SolutionConfigurationPlatforms) = preSolution
		Debug|Any CPU = Debug|Any CPU
		Release|Any CPU = Release|Any CPU
	EndGlobalSection
	GlobalSection(ProjectConfigurationPlatforms) = postSolution
		{574A9C75-CE0B-4D11-894C-F84AC32F43E2}.Debug|Any CPU.ActiveCfg = Debug|Any CPU
		{574A9C75-CE0B-4D11-894C-F84AC32F43E2}.Debug|Any CPU.Build.0 = Debug|Any CPU
		{574A9C75-CE0B-4D11-894C-F84AC32F43E2}.Release|Any CPU.ActiveCfg = Release|Any CPU
		{574A9C75-CE0B-4D11-894C-F84AC32F43E2}.Release|Any CPU.Build.0 = Release|Any CPU
		{064EE027-1375-4F22-BA98-6754DF0CF662}.Debug|Any CPU.ActiveCfg = Debug|Any CPU
		{064EE027-1375-4F22-BA98-6754DF0CF662}.Debug|Any CPU.Build.0 = Debug|Any CPU
		{064EE027-1375-4F22-BA98-6754DF0CF662}.Release|Any CPU.ActiveCfg = Release|Any CPU
		{064EE027-1375-4F22-BA98-6754DF0CF662}.Release|Any CPU.Build.0 = Release|Any CPU
		{D96F0B90-E8B0-49C9-8C00-350146BB32EF}.Debug|Any CPU.ActiveCfg = Debug|Any CPU
		{D96F0B90-E8B0-49C9-8C00-350146BB32EF}.Debug|Any CPU.Build.0 = Debug|Any CPU
		{D96F0B90-E8B0-49C9-8C00-350146BB32EF}.Release|Any CPU.ActiveCfg = Release|Any CPU
		{D96F0B90-E8B0-49C9-8C00-350146BB32EF}.Release|Any CPU.Build.0 = Release|Any CPU
	EndGlobalSection
	GlobalSection(SolutionProperties) = preSolution
		HideSolutionNode = FALSE
	EndGlobalSection
	GlobalSection(ExtensibilityGlobals) = postSolution
		SolutionGuid = {51C84A9A-851E-49DF-A72D-71E5C34C6E28}
	EndGlobalSection
EndGlobal
